
Microsoft Visual Studio Solution File, Format Version 12.00
# Visual Studio Version 16
VisualStudioVersion = 16.0.29905.134
MinimumVisualStudioVersion = 10.0.40219.1
Project("{8BC9CEB8-8B4A-11D0-8D11-00A0C91BC942}") = "test_imgui", "test_imgui.vcxproj", "{94786F2E-0FAC-436D-84FF-FEDF2A9947F5}"
EndProject
Global
	GlobalSection(SolutionConfigurationPlatforms) = preSolution
		Debug|x64 = Debug|x64
		Debug|x86 = Debug|x86
		Release|x64 = Release|x64
		Release|x86 = Release|x86
	EndGlobalSection
	GlobalSection(ProjectConfigurationPlatforms) = postSolution
		{94786F2E-0FAC-436D-84FF-FEDF2A9947F5}.Debug|x64.ActiveCfg = Debug|x64
		{94786F2E-0FAC-436D-84FF-FEDF2A9947F5}.Debug|x64.Build.0 = Debug|x64
		{94786F2E-0FAC-436D-84FF-FEDF2A9947F5}.Debug|x86.ActiveCfg = Debug|Win32
		{94786F2E-0FAC-436D-84FF-FEDF2A9947F5}.Debug|x86.Build.0 = Debug|Win32
		{94786F2E-0FAC-436D-84FF-FEDF2A9947F5}.Release|x64.ActiveCfg = Release|x64
		{94786F2E-0FAC-436D-84FF-FEDF2A9947F5}.Release|x64.Build.0 = Release|x64
		{94786F2E-0FAC-436D-84FF-FEDF2A9947F5}.Release|x86.ActiveCfg = Release|Win32
		{94786F2E-0FAC-436D-84FF-FEDF2A9947F5}.Release|x86.Build.0 = Release|Win32
	EndGlobalSection
	GlobalSection(SolutionProperties) = preSolution
		HideSolutionNode = FALSE
	EndGlobalSection
	GlobalSection(ExtensibilityGlobals) = postSolution
		SolutionGuid = {AB434674-2122-4F08-ADE5-50722AA4BE14}
	EndGlobalSection
EndGlobal
